
Microsoft Visual Studio Solution File, Format Version 12.00
# Visual Studio Version 16
VisualStudioVersion = 16.0.31005.135
MinimumVisualStudioVersion = 10.0.40219.1
Project("{9A19103F-16F7-4668-BE54-9A1E7A4F7556}") = "Generics-CS", "Generics-CS.csproj", "{295EEEDB-9C66-4C1E-B419-FB2C91D00078}"
EndProject
Global
	GlobalSection(SolutionConfigurationPlatforms) = preSolution
		Debug|Any CPU = Debug|Any CPU
		Release|Any CPU = Release|Any CPU
	EndGlobalSection
	GlobalSection(ProjectConfigurationPlatforms) = postSolution
		{295EEEDB-9C66-4C1E-B419-FB2C91D00078}.Debug|Any CPU.ActiveCfg = Debug|Any CPU
		{295EEEDB-9C66-4C1E-B419-FB2C91D00078}.Debug|Any CPU.Build.0 = Debug|Any CPU
		{295EEEDB-9C66-4C1E-B419-FB2C91D00078}.Release|Any CPU.ActiveCfg = Release|Any CPU
		{295EEEDB-9C66-4C1E-B419-FB2C91D00078}.Release|Any CPU.Build.0 = Release|Any CPU
	EndGlobalSection
	GlobalSection(SolutionProperties) = preSolution
		HideSolutionNode = FALSE
	EndGlobalSection
	GlobalSection(ExtensibilityGlobals) = postSolution
		SolutionGuid = {665456CF-C192-4D58-BCE9-9A5BA55ECA63}
	EndGlobalSection
EndGlobal
